<?xml version="1.0" encoding="utf-8"?>
<Project ToolsVersion="4.0" xmlns="http://schemas.microsoft.com/developer/msbuild/2003">
  <ItemGroup>
    <Filter Include="Source Files">
      <UniqueIdentifier>{77873848-bacb-461f-804a-83c597e9be4c}</UniqueIdentifier>
      <Extensions>cpp;c;cc;cxx;c++;cppm;ixx;def;odl;idl;hpj;bat;asm;asmx</Extensions>
    </Filter>
    <Filter Include="Header Files">
      <UniqueIdentifier>{427ac330-77e3-47ff-8e90-083283c68ce0}</UniqueIdentifier>
      <Extensions>h;hh;hpp;hxx;h++;hm;inl;inc;ipp;xsd</Extensions>
    </Filter>
    <Filter Include="Resource Files">
      <UniqueIdentifier>{c484eb1a-eae3-44e2-a0bb-b29dcac017f0}</UniqueIdentifier>
      <Extensions>rc;ico;cur;bmp;dlg;rc2;rct;bin;rgs;gif;jpg;jpeg;jpe;resx;tiff;tif;png;wav;mfcribbon-ms;hlsl</Extensions>
    </Filter>
  </ItemGroup>
  <ItemGroup>
    <ClInclude Include="dependencies\imgui\imconfig.h">
      <Filter>Header Files</Filter>
    </ClInclude>
    <ClInclude Include="dependencies\imgui\imgui.h">
      <Filter>Header Files</Filter>
    </ClInclude>
    <ClInclude Include="dependencies\imgui\imgui_custom.h">
      <Filter>Header Files</Filter>
    </ClInclude>
    <ClInclude Include="dependencies\imgui\imgui_impl_dx9.h">
      <Filter>Header Files</Filter>
    </ClInclude>
    <ClInclude Include="dependencies\imgui\imgui_impl_dx11.h">
      <Filter>Header Files</Filter>
    </ClInclude>
    <ClInclude Include="dependencies\imgui\imgui_impl_win32.h">
      <Filter>Header Files</Filter>
    </ClInclude>
    <ClInclude Include="dependencies\imgui\imgui_internal.h">
      <Filter>Header Files</Filter>
    </ClInclude>
    <ClInclude Include="dependencies\imgui\imstb_rectpack.h">
      <Filter>Header Files</Filter>
    </ClInclude>
    <ClInclude Include="dependencies\imgui\imstb_textedit.h">
      <Filter>Header Files</Filter>
    </ClInclude>
    <ClInclude Include="dependencies\imgui\imstb_truetype.h">
      <Filter>Header Files</Filter>
    </ClInclude>
    <ClInclude Include="dependencies\minhook\src\hde\hde32.h">
      <Filter>Header Files</Filter>
    </ClInclude>
    <ClInclude Include="dependencies\minhook\src\hde\hde64.h">
      <Filter>Header Files</Filter>
    </ClInclude>
    <ClInclude Include="dependencies\minhook\src\hde\pstdint.h">
      <Filter>Header Files</Filter>
    </ClInclude>
    <ClInclude Include="dependencies\minhook\src\hde\table32.h">
      <Filter>Header Files</Filter>
    </ClInclude>
    <ClInclude Include="dependencies\minhook\src\hde\table64.h">
      <Filter>Header Files</Filter>
    </ClInclude>
    <ClInclude Include="dependencies\minhook\src\buffer.h">
      <Filter>Header Files</Filter>
    </ClInclude>
    <ClInclude Include="dependencies\minhook\src\trampoline.h">
      <Filter>Header Files</Filter>
    </ClInclude>
    <ClInclude Include="dependencies\json.hpp">
      <Filter>Header Files</Filter>
    </ClInclude>
    <ClInclude Include="dependencies\lazy_importer.hpp">
      <Filter>Header Files</Filter>
    </ClInclude>
    <ClInclude Include="dependencies\stb.hh">
      <Filter>Header Files</Filter>
    </ClInclude>
    <ClInclude Include="dependencies\xorstr.hpp">
      <Filter>Header Files</Filter>
    </ClInclude>
    <ClInclude Include="dependencies\minhook\include\MinHook.h">
      <Filter>Header Files</Filter>
    </ClInclude>
    <ClInclude Include="source\core\renderer.h">
      <Filter>Header Files</Filter>
    </ClInclude>
    <ClInclude Include="source\core\config.h">
      <Filter>Header Files</Filter>
    </ClInclude>
    <ClInclude Include="source\core\Console.h">
      <Filter>Header Files</Filter>
    </ClInclude>
    <ClInclude Include="source\core\game.h">
      <Filter>Header Files</Filter>
    </ClInclude>
    <ClInclude Include="source\core\gui.h">
      <Filter>Header Files</Filter>
    </ClInclude>
    <ClInclude Include="source\core\input.h">
      <Filter>Header Files</Filter>
    </ClInclude>
    <ClInclude Include="source\core\platform.h">
      <Filter>Header Files</Filter>
    </ClInclude>
    <ClInclude Include="source\resources\fonts\museosanscyrl.h">
      <Filter>Header Files</Filter>
    </ClInclude>
    <ClInclude Include="source\resources\fonts\fontawesome.h">
      <Filter>Header Files</Filter>
    </ClInclude>
    <ClInclude Include="source\sdk\struct\Vector3.h">
      <Filter>Header Files</Filter>
    </ClInclude>
    <ClInclude Include="source\sdk\struct\Matrix3x4.h">
      <Filter>Header Files</Filter>
    </ClInclude>
    <ClInclude Include="source\sdk\struct\Matrix4x4.h">
      <Filter>Header Files</Filter>
    </ClInclude>
    <ClInclude Include="source\sdk\class\Class.h">
      <Filter>Header Files</Filter>
    </ClInclude>
    <ClInclude Include="source\utils\Fnv1a.hpp">
      <Filter>Header Files</Filter>
    </ClInclude>
    <ClInclude Include="source\utils\HashMap.hpp">
      <Filter>Header Files</Filter>
    </ClInclude>
    <ClInclude Include="source\utils\Math.hpp">
      <Filter>Header Files</Filter>
    </ClInclude>
    <ClInclude Include="source\utils\String.hpp">
      <Filter>Header Files</Filter>
    </ClInclude>
    <ClInclude Include="source\Framework.h">
      <Filter>Header Files</Filter>
    </ClInclude>
    <ClInclude Include="source\context.h">
      <Filter>Header Files</Filter>
    </ClInclude>
    <ClInclude Include="source\utils\ImGui.hpp">
      <Filter>Header Files</Filter>
    </ClInclude>
    <ClInclude Include="source\pch.h">
      <Filter>Header Files</Filter>
    </ClInclude>
    <ClInclude Include="source\core\gui\gui_builder.h">
      <Filter>Header Files</Filter>
    </ClInclude>
    <ClInclude Include="source\core\gui\post_process.h">
      <Filter>Header Files</Filter>
    </ClInclude>
    <ClInclude Include="source\hooks\hooks.h">
      <Filter>Header Files</Filter>
    </ClInclude>
    <ClInclude Include="source\hooks\minhook.h">
      <Filter>Header Files</Filter>
    </ClInclude>
    <ClInclude Include="source\entry_point.h">
      <Filter>Header Files</Filter>
    </ClInclude>
    <ClInclude Include="source\application.h">
      <Filter>Header Files</Filter>
    </ClInclude>
    <ClInclude Include="source\modules\modules.h">
      <Filter>Header Files</Filter>
    </ClInclude>
    <ClInclude Include="source\modules\kernel32.h">
      <Filter>Header Files</Filter>
    </ClInclude>
  </ItemGroup>
  <ItemGroup>
    <ClCompile Include="dependencies\imgui\imgui.cpp">
      <Filter>Source Files</Filter>
    </ClCompile>
    <ClCompile Include="dependencies\imgui\imgui_custom.cpp">
      <Filter>Source Files</Filter>
    </ClCompile>
    <ClCompile Include="dependencies\imgui\imgui_demo.cpp">
      <Filter>Source Files</Filter>
    </ClCompile>
    <ClCompile Include="dependencies\imgui\imgui_draw.cpp">
      <Filter>Source Files</Filter>
    </ClCompile>
    <ClCompile Include="dependencies\imgui\imgui_impl_dx9.cpp">
      <Filter>Source Files</Filter>
    </ClCompile>
    <ClCompile Include="dependencies\imgui\imgui_impl_dx11.cpp">
      <Filter>Source Files</Filter>
    </ClCompile>
    <ClCompile Include="dependencies\imgui\imgui_impl_win32.cpp">
      <Filter>Source Files</Filter>
    </ClCompile>
    <ClCompile Include="dependencies\imgui\imgui_tables.cpp">
      <Filter>Source Files</Filter>
    </ClCompile>
    <ClCompile Include="dependencies\imgui\imgui_widgets.cpp">
      <Filter>Source Files</Filter>
    </ClCompile>
    <ClCompile Include="dependencies\minhook\src\hde\hde32.c">
      <Filter>Source Files</Filter>
    </ClCompile>
    <ClCompile Include="dependencies\minhook\src\hde\hde64.c">
      <Filter>Source Files</Filter>
    </ClCompile>
    <ClCompile Include="dependencies\minhook\src\buffer.c">
      <Filter>Source Files</Filter>
    </ClCompile>
    <ClCompile Include="dependencies\minhook\src\hook.c">
      <Filter>Source Files</Filter>
    </ClCompile>
    <ClCompile Include="dependencies\minhook\src\trampoline.c">
      <Filter>Source Files</Filter>
    </ClCompile>
    <ClCompile Include="source\core\config.cpp">
      <Filter>Source Files</Filter>
    </ClCompile>
    <ClCompile Include="source\core\Console.cpp">
      <Filter>Source Files</Filter>
    </ClCompile>
    <ClCompile Include="source\core\game.cpp">
      <Filter>Source Files</Filter>
    </ClCompile>
    <ClCompile Include="source\core\gui.cpp">
      <Filter>Source Files</Filter>
    </ClCompile>
    <ClCompile Include="source\core\input.cpp">
      <Filter>Source Files</Filter>
    </ClCompile>
    <ClCompile Include="source\core\platform.cpp">
      <Filter>Source Files</Filter>
    </ClCompile>
    <ClCompile Include="source\core\renderer.cpp">
      <Filter>Source Files</Filter>
    </ClCompile>
    <ClCompile Include="source\sdk\struct\Matrix3x4.cpp">
      <Filter>Source Files</Filter>
    </ClCompile>
    <ClCompile Include="source\sdk\struct\Matrix4x4.cpp">
      <Filter>Source Files</Filter>
    </ClCompile>
    <ClCompile Include="source\sdk\struct\Vector3.cpp">
      <Filter>Source Files</Filter>
    </ClCompile>
    <ClCompile Include="source\pch-c.c">
      <Filter>Source Files</Filter>
    </ClCompile>
    <ClCompile Include="source\pch.cpp">
      <Filter>Source Files</Filter>
    </ClCompile>
    <ClCompile Include="source\main.cpp">
      <Filter>Source Files</Filter>
    </ClCompile>
    <ClCompile Include="source\core\gui\gui_builder.cpp">
      <Filter>Source Files</Filter>
    </ClCompile>
    <ClCompile Include="source\core\gui\post_process.cpp">
      <Filter>Source Files</Filter>
    </ClCompile>
    <ClCompile Include="source\hooks\hooks.cpp">
      <Filter>Source Files</Filter>
    </ClCompile>
    <ClCompile Include="source\hooks\minhook.cpp">
      <Filter>Source Files</Filter>
    </ClCompile>
    <ClCompile Include="source\entry_point.cpp">
      <Filter>Source Files</Filter>
    </ClCompile>
    <ClCompile Include="source\application.cpp">
      <Filter>Source Files</Filter>
    </ClCompile>
    <ClCompile Include="source\modules\kernel32.cpp">
      <Filter>Source Files</Filter>
    </ClCompile>
  </ItemGroup>
  <ItemGroup>
    <FxCompile Include="source\resources\shaders\gaussian_blur.hlsl">
      <Filter>Resource Files</Filter>
    </FxCompile>
    <FxCompile Include="source\resources\shaders\bloom_combine.hlsl">
      <Filter>Resource Files</Filter>
    </FxCompile>
    <FxCompile Include="source\resources\shaders\bloom_extract.hlsl">
      <Filter>Resource Files</Filter>
    </FxCompile>
    <FxCompile Include="source\resources\shaders\blur_x.hlsl">
      <Filter>Resource Files</Filter>
    </FxCompile>
    <FxCompile Include="source\resources\shaders\blur_y.hlsl">
      <Filter>Resource Files</Filter>
    </FxCompile>
    <FxCompile Include="source\resources\shaders\default_ps.hlsl">
      <Filter>Resource Files</Filter>
    </FxCompile>
    <FxCompile Include="source\resources\shaders\default_vs.hlsl">
      <Filter>Resource Files</Filter>
    </FxCompile>
    <FxCompile Include="source\resources\shaders\default_vs11.hlsl">
      <Filter>Resource Files</Filter>
    </FxCompile>
  </ItemGroup>
  <ItemGroup>
    <None Include="cpp.hint" />
  </ItemGroup>
</Project>