
Microsoft Visual Studio Solution File, Format Version 12.00
# Visual Studio Version 17
VisualStudioVersion = 17.7.34202.233
MinimumVisualStudioVersion = 10.0.40219.1
Project("{8BC9CEB8-8B4A-11D0-8D11-00A0C91BC942}") = "orion", "orion\orion.vcxproj", "{9DED57DD-0485-43EC-B3A5-CF14C380BEC9}"
	ProjectSection(ProjectDependencies) = postProject
		{9310EEF5-25E0-406C-AE29-53C3B23EF660} = {9310EEF5-25E0-406C-AE29-53C3B23EF660}
	EndProjectSection
EndProject
Project("{8BC9CEB8-8B4A-11D0-8D11-00A0C91BC942}") = "intrinsics", "intrinsics\intrinsics.vcxproj", "{9310EEF5-25E0-406C-AE29-53C3B23EF660}"
EndProject
Project("{8BC9CEB8-8B4A-11D0-8D11-00A0C91BC942}") = "shared", "shared\shared.vcxitems", "{E560F14B-5AB0-41EC-9A10-E9A3D4273A5F}"
EndProject
Global
	GlobalSection(SolutionConfigurationPlatforms) = preSolution
		Debug|x64 = Debug|x64
		Debug|x86 = Debug|x86
		Release|x64 = Release|x64
		Release|x86 = Release|x86
	EndGlobalSection
	GlobalSection(ProjectConfigurationPlatforms) = postSolution
		{9DED57DD-0485-43EC-B3A5-CF14C380BEC9}.Debug|x64.ActiveCfg = Debug|x64
		{9DED57DD-0485-43EC-B3A5-CF14C380BEC9}.Debug|x64.Build.0 = Debug|x64
		{9DED57DD-0485-43EC-B3A5-CF14C380BEC9}.Debug|x86.ActiveCfg = Debug|Win32
		{9DED57DD-0485-43EC-B3A5-CF14C380BEC9}.Debug|x86.Build.0 = Debug|Win32
		{9DED57DD-0485-43EC-B3A5-CF14C380BEC9}.Release|x64.ActiveCfg = Release|x64
		{9DED57DD-0485-43EC-B3A5-CF14C380BEC9}.Release|x64.Build.0 = Release|x64
		{9DED57DD-0485-43EC-B3A5-CF14C380BEC9}.Release|x86.ActiveCfg = Release|Win32
		{9DED57DD-0485-43EC-B3A5-CF14C380BEC9}.Release|x86.Build.0 = Release|Win32
		{9310EEF5-25E0-406C-AE29-53C3B23EF660}.Debug|x64.ActiveCfg = Release|x64
		{9310EEF5-25E0-406C-AE29-53C3B23EF660}.Debug|x64.Build.0 = Release|x64
		{9310EEF5-25E0-406C-AE29-53C3B23EF660}.Debug|x86.ActiveCfg = Release|Win32
		{9310EEF5-25E0-406C-AE29-53C3B23EF660}.Debug|x86.Build.0 = Release|Win32
		{9310EEF5-25E0-406C-AE29-53C3B23EF660}.Release|x64.ActiveCfg = Release|x64
		{9310EEF5-25E0-406C-AE29-53C3B23EF660}.Release|x64.Build.0 = Release|x64
		{9310EEF5-25E0-406C-AE29-53C3B23EF660}.Release|x86.ActiveCfg = Release|Win32
		{9310EEF5-25E0-406C-AE29-53C3B23EF660}.Release|x86.Build.0 = Release|Win32
	EndGlobalSection
	GlobalSection(SolutionProperties) = preSolution
		HideSolutionNode = FALSE
	EndGlobalSection
	GlobalSection(ExtensibilityGlobals) = postSolution
		SolutionGuid = {066B20ED-0D0C-4528-9AAE-42D35AAA41E8}
	EndGlobalSection
	GlobalSection(SharedMSBuildProjectFiles) = preSolution
		shared\shared.vcxitems*{9ded57dd-0485-43ec-b3a5-cf14c380bec9}*SharedItemsImports = 4
		shared\shared.vcxitems*{e560f14b-5ab0-41ec-9a10-e9a3d4273a5f}*SharedItemsImports = 9
	EndGlobalSection
EndGlobal
